// !$*UTF8*$!
{
	archiveVersion = 1;
	classes = {
	};
	objectVersion = 50;
	objects = {

/* Begin PBXBuildFile section */
		53336BDF25135F9400F5AC2A /* AppDelegate.m in Sources */ = {isa = PBXBuildFile; fileRef = 53336BDE25135F9400F5AC2A /* AppDelegate.m */; };
		53336BE525135F9400F5AC2A /* ViewController.m in Sources */ = {isa = PBXBuildFile; fileRef = 53336BE425135F9400F5AC2A /* ViewController.m */; };
		53336BE825135F9400F5AC2A /* Main.storyboard in Resources */ = {isa = PBXBuildFile; fileRef = 53336BE625135F9400F5AC2A /* Main.storyboard */; };
		53336BEA25135F9600F5AC2A /* Assets.xcassets in Resources */ = {isa = PBXBuildFile; fileRef = 53336BE925135F9600F5AC2A /* Assets.xcassets */; };
		53336BED25135F9600F5AC2A /* LaunchScreen.storyboard in Resources */ = {isa = PBXBuildFile; fileRef = 53336BEB25135F9600F5AC2A /* LaunchScreen.storyboard */; };
		53336BF025135F9600F5AC2A /* main.m in Sources */ = {isa = PBXBuildFile; fileRef = 53336BEF25135F9600F5AC2A /* main.m */; };
		53336C032513621100F5AC2A /* WebP.framework in Frameworks */ = {isa = PBXBuildFile; fileRef = 53336C022513621000F5AC2A /* WebP.framework */; };
		53336C0C2513636000F5AC2A /* UIImage+Webp.m in Sources */ = {isa = PBXBuildFile; fileRef = 53336C0B2513636000F5AC2A /* UIImage+Webp.m */; };
		53336C0F2513637700F5AC2A /* test0.webp in Resources */ = {isa = PBXBuildFile; fileRef = 53336C0E2513637700F5AC2A /* test0.webp */; };
/* End PBXBuildFile section */

/* Begin PBXFileReference section */
		53336BDA25135F9400F5AC2A /* ZYYWebpDemo.app */ = {isa = PBXFileReference; explicitFileType = wrapper.application; includeInIndex = 0; path = ZYYWebpDemo.app; sourceTree = BUILT_PRODUCTS_DIR; };
		53336BDD25135F9400F5AC2A /* AppDelegate.h */ = {isa = PBXFileReference; lastKnownFileType = sourcecode.c.h; path = AppDelegate.h; sourceTree = "<group>"; };
		53336BDE25135F9400F5AC2A /* AppDelegate.m */ = {isa = PBXFileReference; lastKnownFileType = sourcecode.c.objc; path = AppDelegate.m; sourceTree = "<group>"; };
		53336BE325135F9400F5AC2A /* ViewController.h */ = {isa = PBXFileReference; lastKnownFileType = sourcecode.c.h; path = ViewController.h; sourceTree = "<group>"; };
		53336BE425135F9400F5AC2A /* ViewController.m */ = {isa = PBXFileReference; lastKnownFileType = sourcecode.c.objc; path = ViewController.m; sourceTree = "<group>"; };
		53336BE725135F9400F5AC2A /* Base */ = {isa = PBXFileReference; lastKnownFileType = file.storyboard; name = Base; path = Base.lproj/Main.storyboard; sourceTree = "<group>"; };
		53336BE925135F9600F5AC2A /* Assets.xcassets */ = {isa = PBXFileReference; lastKnownFileType = folder.assetcatalog; path = Assets.xcassets; sourceTree = "<group>"; };
		53336BEC25135F9600F5AC2A /* Base */ = {isa = PBXFileReference; lastKnownFileType = file.storyboard; name = Base; path = Base.lproj/LaunchScreen.storyboard; sourceTree = "<group>"; };
		53336BEE25135F9600F5AC2A /* Info.plist */ = {isa = PBXFileReference; lastKnownFileType = text.plist.xml; path = Info.plist; sourceTree = "<group>"; };
		53336BEF25135F9600F5AC2A /* main.m */ = {isa = PBXFileReference; lastKnownFileType = sourcecode.c.objc; path = main.m; sourceTree = "<group>"; };
		53336C022513621000F5AC2A /* WebP.framework */ = {isa = PBXFileReference; lastKnownFileType = wrapper.framework; path = WebP.framework; sourceTree = "<group>"; };
		53336C0A2513636000F5AC2A /* UIImage+Webp.h */ = {isa = PBXFileReference; lastKnownFileType = sourcecode.c.h; path = "UIImage+Webp.h"; sourceTree = "<group>"; };
		53336C0B2513636000F5AC2A /* UIImage+Webp.m */ = {isa = PBXFileReference; lastKnownFileType = sourcecode.c.objc; path = "UIImage+Webp.m"; sourceTree = "<group>"; };
		53336C0E2513637700F5AC2A /* test0.webp */ = {isa = PBXFileReference; lastKnownFileType = file; path = test0.webp; sourceTree = "<group>"; };
/* End PBXFileReference section */

/* Begin PBXFrameworksBuildPhase section */
		53336BD725135F9400F5AC2A /* Frameworks */ = {
			isa = PBXFrameworksBuildPhase;
			buildActionMask = 2147483647;
			files = (
				53336C032513621100F5AC2A /* WebP.framework in Frameworks */,
			);
			runOnlyForDeploymentPostprocessing = 0;
		};
/* End PBXFrameworksBuildPhase section */

/* Begin PBXGroup section */
		53336BD125135F9400F5AC2A = {
			isa = PBXGroup;
			children = (
				53336BDC25135F9400F5AC2A /* ZYYWebpDemo */,
				53336BDB25135F9400F5AC2A /* Products */,
			);
			sourceTree = "<group>";
		};
		53336BDB25135F9400F5AC2A /* Products */ = {
			isa = PBXGroup;
			children = (
				53336BDA25135F9400F5AC2A /* ZYYWebpDemo.app */,
			);
			name = Products;
			sourceTree = "<group>";
		};
		53336BDC25135F9400F5AC2A /* ZYYWebpDemo */ = {
			isa = PBXGroup;
			children = (
				53336C0E2513637700F5AC2A /* test0.webp */,
				53336C022513621000F5AC2A /* WebP.framework */,
				53336BDD25135F9400F5AC2A /* AppDelegate.h */,
				53336BDE25135F9400F5AC2A /* AppDelegate.m */,
				53336BE325135F9400F5AC2A /* ViewController.h */,
				53336BE425135F9400F5AC2A /* ViewController.m */,
				53336BE625135F9400F5AC2A /* Main.storyboard */,
				53336BE925135F9600F5AC2A /* Assets.xcassets */,
				53336BEB25135F9600F5AC2A /* LaunchScreen.storyboard */,
				53336BEE25135F9600F5AC2A /* Info.plist */,
				53336BEF25135F9600F5AC2A /* main.m */,
				53336C0A2513636000F5AC2A /* UIImage+Webp.h */,
				53336C0B2513636000F5AC2A /* UIImage+Webp.m */,
			);
			path = ZYYWebpDemo;
			sourceTree = "<group>";
		};
/* End PBXGroup section */

/* Begin PBXNativeTarget section */
		53336BD925135F9400F5AC2A /* ZYYWebpDemo */ = {
			isa = PBXNativeTarget;
			buildConfigurationList = 53336BF325135F9600F5AC2A /* Build configuration list for PBXNativeTarget "ZYYWebpDemo" */;
			buildPhases = (
				53336BD625135F9400F5AC2A /* Sources */,
				53336BD725135F9400F5AC2A /* Frameworks */,
				53336BD825135F9400F5AC2A /* Resources */,
			);
			buildRules = (
			);
			dependencies = (
			);
			name = ZYYWebpDemo;
			productName = ZYYWebpDemo;
			productReference = 53336BDA25135F9400F5AC2A /* ZYYWebpDemo.app */;
			productType = "com.apple.product-type.application";
		};
/* End PBXNativeTarget section */

/* Begin PBXProject section */
		53336BD225135F9400F5AC2A /* Project object */ = {
			isa = PBXProject;
			attributes = {
				LastUpgradeCheck = 1200;
				TargetAttributes = {
					53336BD925135F9400F5AC2A = {
						CreatedOnToolsVersion = 12.0;
					};
				};
			};
			buildConfigurationList = 53336BD525135F9400F5AC2A /* Build configuration list for PBXProject "ZYYWebpDemo" */;
			compatibilityVersion = "Xcode 9.3";
			developmentRegion = en;
			hasScannedForEncodings = 0;
			knownRegions = (
				en,
				Base,
			);
			mainGroup = 53336BD125135F9400F5AC2A;
			productRefGroup = 53336BDB25135F9400F5AC2A /* Products */;
			projectDirPath = "";
			projectRoot = "";
			targets = (
				53336BD925135F9400F5AC2A /* ZYYWebpDemo */,
			);
		};
/* End PBXProject section */

/* Begin PBXResourcesBuildPhase section */
		53336BD825135F9400F5AC2A /* Resources */ = {
			isa = PBXResourcesBuildPhase;
			buildActionMask = 2147483647;
			files = (
				53336BED25135F9600F5AC2A /* LaunchScreen.storyboard in Resources */,
				53336BEA25135F9600F5AC2A /* Assets.xcassets in Resources */,
				53336C0F2513637700F5AC2A /* test0.webp in Resources */,
				53336BE825135F9400F5AC2A /* Main.storyboard in Resources */,
			);
			runOnlyForDeploymentPostprocessing = 0;
		};
/* End PBXResourcesBuildPhase section */

/* Begin PBXSourcesBuildPhase section */
		53336BD625135F9400F5AC2A /* Sources */ = {
			isa = PBXSourcesBuildPhase;
			buildActionMask = 2147483647;
			files = (
				53336BE525135F9400F5AC2A /* ViewController.m in Sources */,
				53336C0C2513636000F5AC2A /* UIImage+Webp.m in Sources */,
				53336BDF25135F9400F5AC2A /* AppDelegate.m in Sources */,
				53336BF025135F9600F5AC2A /* main.m in Sources */,
			);
			runOnlyForDeploymentPostprocessing = 0;
		};
/* End PBXSourcesBuildPhase section */

/* Begin PBXVariantGroup section */
		53336BE625135F9400F5AC2A /* Main.storyboard */ = {
			isa = PBXVariantGroup;
			children = (
				53336BE725135F9400F5AC2A /* Base */,
			);
			name = Main.storyboard;
			sourceTree = "<group>";
		};
		53336BEB25135F9600F5AC2A /* LaunchScreen.storyboard */ = {
			isa = PBXVariantGroup;
			children = (
				53336BEC25135F9600F5AC2A /* Base */,
			);
			name = LaunchScreen.storyboard;
			sourceTree = "<group>";
		};
/* End PBXVariantGroup section */

/* Begin XCBuildConfiguration section */
		53336BF125135F9600F5AC2A /* Debug */ = {
			isa = XCBuildConfiguration;
			buildSettings = {
				ALWAYS_SEARCH_USER_PATHS = NO;
				CLANG_ANALYZER_NONNULL = YES;
				CLANG_ANALYZER_NUMBER_OBJECT_CONVERSION = YES_AGGRESSIVE;
				CLANG_CXX_LANGUAGE_STANDARD = "gnu++14";
				CLANG_CXX_LIBRARY = "libc++";
				CLANG_ENABLE_MODULES = YES;
				CLANG_ENABLE_OBJC_ARC = YES;
				CLANG_ENABLE_OBJC_WEAK = YES;
				CLANG_WARN_BLOCK_CAPTURE_AUTORELEASING = YES;
				CLANG_WARN_BOOL_CONVERSION = YES;
				CLANG_WARN_COMMA = YES;
				CLANG_WARN_CONSTANT_CONVERSION = YES;
				CLANG_WARN_DEPRECATED_OBJC_IMPLEMENTATIONS = YES;
				CLANG_WARN_DIRECT_OBJC_ISA_USAGE = YES_ERROR;
				CLANG_WARN_DOCUMENTATION_COMMENTS = YES;
				CLANG_WARN_EMPTY_BODY = YES;
				CLANG_WARN_ENUM_CONVERSION = YES;
				CLANG_WARN_INFINITE_RECURSION = YES;
				CLANG_WARN_INT_CONVERSION = YES;
				CLANG_WARN_NON_LITERAL_NULL_CONVERSION = YES;
				CLANG_WARN_OBJC_IMPLICIT_RETAIN_SELF = YES;
				CLANG_WARN_OBJC_LITERAL_CONVERSION = YES;
				CLANG_WARN_OBJC_ROOT_CLASS = YES_ERROR;
				CLANG_WARN_QUOTED_INCLUDE_IN_FRAMEWORK_HEADER = YES;
				CLANG_WARN_RANGE_LOOP_ANALYSIS = YES;
				CLANG_WARN_STRICT_PROTOTYPES = YES;
				CLANG_WARN_SUSPICIOUS_MOVE = YES;
				CLANG_WARN_UNGUARDED_AVAILABILITY = YES_AGGRESSIVE;
				CLANG_WARN_UNREACHABLE_CODE = YES;
				CLANG_WARN__DUPLICATE_METHOD_MATCH = YES;
				COPY_PHASE_STRIP = NO;
				DEBUG_INFORMATION_FORMAT = dwarf;
				ENABLE_STRICT_OBJC_MSGSEND = YES;
				ENABLE_TESTABILITY = YES;
				GCC_C_LANGUAGE_STANDARD = gnu11;
				GCC_DYNAMIC_NO_PIC = NO;
				GCC_NO_COMMON_BLOCKS = YES;
				GCC_OPTIMIZATION_LEVEL = 0;
				GCC_PREPROCESSOR_DEFINITIONS = (
					"DEBUG=1",
					"$(inherited)",
				);
				GCC_WARN_64_TO_32_BIT_CONVERSION = YES;
				GCC_WARN_ABOUT_RETURN_TYPE = YES_ERROR;
				GCC_WARN_UNDECLARED_SELECTOR = YES;
				GCC_WARN_UNINITIALIZED_AUTOS = YES_AGGRESSIVE;
				GCC_WARN_UNUSED_FUNCTION = YES;
				GCC_WARN_UNUSED_VARIABLE = YES;
				IPHONEOS_DEPLOYMENT_TARGET = 14.0;
				MTL_ENABLE_DEBUG_INFO = INCLUDE_SOURCE;
				MTL_FAST_MATH = YES;
				ONLY_ACTIVE_ARCH = YES;
				SDKROOT = iphoneos;
			};
			name = Debug;
		};
		53336BF225135F9600F5AC2A /* Release */ = {
			isa = XCBuildConfiguration;
			buildSettings = {
				ALWAYS_SEARCH_USER_PATHS = NO;
				CLANG_ANALYZER_NONNULL = YES;
				CLANG_ANALYZER_NUMBER_OBJECT_CONVERSION = YES_AGGRESSIVE;
				CLANG_CXX_LANGUAGE_STANDARD = "gnu++14";
				CLANG_CXX_LIBRARY = "libc++";
				CLANG_ENABLE_MODULES = YES;
				CLANG_ENABLE_OBJC_ARC = YES;
				CLANG_ENABLE_OBJC_WEAK = YES;
				CLANG_WARN_BLOCK_CAPTURE_AUTORELEASING = YES;
				CLANG_WARN_BOOL_CONVERSION = YES;
				CLANG_WARN_COMMA = YES;
				CLANG_WARN_CONSTANT_CONVERSION = YES;
				CLANG_WARN_DEPRECATED_OBJC_IMPLEMENTATIONS = YES;
				CLANG_WARN_DIRECT_OBJC_ISA_USAGE = YES_ERROR;
				CLANG_WARN_DOCUMENTATION_COMMENTS = YES;
				CLANG_WARN_EMPTY_BODY = YES;
				CLANG_WARN_ENUM_CONVERSION = YES;
				CLANG_WARN_INFINITE_RECURSION = YES;
				CLANG_WARN_INT_CONVERSION = YES;
				CLANG_WARN_NON_LITERAL_NULL_CONVERSION = YES;
				CLANG_WARN_OBJC_IMPLICIT_RETAIN_SELF = YES;
				CLANG_WARN_OBJC_LITERAL_CONVERSION = YES;
				CLANG_WARN_OBJC_ROOT_CLASS = YES_ERROR;
				CLANG_WARN_QUOTED_INCLUDE_IN_FRAMEWORK_HEADER = YES;
				CLANG_WARN_RANGE_LOOP_ANALYSIS = YES;
				CLANG_WARN_STRICT_PROTOTYPES = YES;
				CLANG_WARN_SUSPICIOUS_MOVE = YES;
				CLANG_WARN_UNGUARDED_AVAILABILITY = YES_AGGRESSIVE;
				CLANG_WARN_UNREACHABLE_CODE = YES;
				CLANG_WARN__DUPLICATE_METHOD_MATCH = YES;
				COPY_PHASE_STRIP = NO;
				DEBUG_INFORMATION_FORMAT = "dwarf-with-dsym";
				ENABLE_NS_ASSERTIONS = NO;
				ENABLE_STRICT_OBJC_MSGSEND = YES;
				GCC_C_LANGUAGE_STANDARD = gnu11;
				GCC_NO_COMMON_BLOCKS = YES;
				GCC_WARN_64_TO_32_BIT_CONVERSION = YES;
				GCC_WARN_ABOUT_RETURN_TYPE = YES_ERROR;
				GCC_WARN_UNDECLARED_SELECTOR = YES;
				GCC_WARN_UNINITIALIZED_AUTOS = YES_AGGRESSIVE;
				GCC_WARN_UNUSED_FUNCTION = YES;
				GCC_WARN_UNUSED_VARIABLE = YES;
				IPHONEOS_DEPLOYMENT_TARGET = 14.0;
				MTL_ENABLE_DEBUG_INFO = NO;
				MTL_FAST_MATH = YES;
				SDKROOT = iphoneos;
				VALIDATE_PRODUCT = YES;
			};
			name = Release;
		};
		53336BF425135F9600F5AC2A /* Debug */ = {
			isa = XCBuildConfiguration;
			buildSettings = {
				ASSETCATALOG_COMPILER_APPICON_NAME = AppIcon;
				ASSETCATALOG_COMPILER_GLOBAL_ACCENT_COLOR_NAME = AccentColor;
				CODE_SIGN_STYLE = Automatic;
				FRAMEWORK_SEARCH_PATHS = (
					"$(inherited)",
					"$(PROJECT_DIR)",
					"$(PROJECT_DIR)/ZYYWebpDemo",
				);
				INFOPLIST_FILE = ZYYWebpDemo/Info.plist;
				IPHONEOS_DEPLOYMENT_TARGET = 9.0;
				LD_RUNPATH_SEARCH_PATHS = (
					"$(inherited)",
					"@executable_path/Frameworks",
				);
				PRODUCT_BUNDLE_IDENTIFIER = com.zyy.WebpDemo;
				PRODUCT_NAME = "$(TARGET_NAME)";
				TARGETED_DEVICE_FAMILY = "1,2";
			};
			name = Debug;
		};
		53336BF525135F9600F5AC2A /* Release */ = {
			isa = XCBuildConfiguration;
			buildSettings = {
				ASSETCATALOG_COMPILER_APPICON_NAME = AppIcon;
				ASSETCATALOG_COMPILER_GLOBAL_ACCENT_COLOR_NAME = AccentColor;
				CODE_SIGN_STYLE = Automatic;
				FRAMEWORK_SEARCH_PATHS = (
					"$(inherited)",
					"$(PROJECT_DIR)",
					"$(PROJECT_DIR)/ZYYWebpDemo",
				);
				INFOPLIST_FILE = ZYYWebpDemo/Info.plist;
				IPHONEOS_DEPLOYMENT_TARGET = 9.0;
				LD_RUNPATH_SEARCH_PATHS = (
					"$(inherited)",
					"@executable_path/Frameworks",
				);
				PRODUCT_BUNDLE_IDENTIFIER = com.zyy.WebpDemo;
				PRODUCT_NAME = "$(TARGET_NAME)";
				TARGETED_DEVICE_FAMILY = "1,2";
			};
			name = Release;
		};
/* End XCBuildConfiguration section */

/* Begin XCConfigurationList section */
		53336BD525135F9400F5AC2A /* Build configuration list for PBXProject "ZYYWebpDemo" */ = {
			isa = XCConfigurationList;
			buildConfigurations = (
				53336BF125135F9600F5AC2A /* Debug */,
				53336BF225135F9600F5AC2A /* Release */,
			);
			defaultConfigurationIsVisible = 0;
			defaultConfigurationName = Release;
		};
		53336BF325135F9600F5AC2A /* Build configuration list for PBXNativeTarget "ZYYWebpDemo" */ = {
			isa = XCConfigurationList;
			buildConfigurations = (
				53336BF425135F9600F5AC2A /* Debug */,
				53336BF525135F9600F5AC2A /* Release */,
			);
			defaultConfigurationIsVisible = 0;
			defaultConfigurationName = Release;
		};
/* End XCConfigurationList section */
	};
	rootObject = 53336BD225135F9400F5AC2A /* Project object */;
}
